// !$*UTF8*$!
{
	archiveVersion = 1;
	classes = {
	};
	objectVersion = 46;
	objects = {

/* Begin PBXBuildFile section */
		873CAE671B92136F0068E7E8 /* main.m in Sources */ = {isa = PBXBuildFile; fileRef = 873CAE661B92136F0068E7E8 /* main.m */; };
		873CAE6A1B92136F0068E7E8 /* AppDelegate.m in Sources */ = {isa = PBXBuildFile; fileRef = 873CAE691B92136F0068E7E8 /* AppDelegate.m */; };
		873CAE6D1B92136F0068E7E8 /* ViewController.m in Sources */ = {isa = PBXBuildFile; fileRef = 873CAE6C1B92136F0068E7E8 /* ViewController.m */; };
		873CAE701B92136F0068E7E8 /* Main.storyboard in Resources */ = {isa = PBXBuildFile; fileRef = 873CAE6E1B92136F0068E7E8 /* Main.storyboard */; };
		873CAE721B92136F0068E7E8 /* Images.xcassets in Resources */ = {isa = PBXBuildFile; fileRef = 873CAE711B92136F0068E7E8 /* Images.xcassets */; };
		873CAE751B92136F0068E7E8 /* LaunchScreen.xib in Resources */ = {isa = PBXBuildFile; fileRef = 873CAE731B92136F0068E7E8 /* LaunchScreen.xib */; };
		873CAE811B92136F0068E7E8 /* ABCTabBarControllerTests.m in Sources */ = {isa = PBXBuildFile; fileRef = 873CAE801B92136F0068E7E8 /* ABCTabBarControllerTests.m */; };
/* End PBXBuildFile section */

/* Begin PBXContainerItemProxy section */
		873CAE7B1B92136F0068E7E8 /* PBXContainerItemProxy */ = {
			isa = PBXContainerItemProxy;
			containerPortal = 873CAE591B92136F0068E7E8 /* Project object */;
			proxyType = 1;
			remoteGlobalIDString = 873CAE601B92136F0068E7E8;
			remoteInfo = ABCTabBarController;
		};
/* End PBXContainerItemProxy section */

/* Begin PBXFileReference section */
		873CAE611B92136F0068E7E8 /* ABCTabBarController.app */ = {isa = PBXFileReference; explicitFileType = wrapper.application; includeInIndex = 0; path = ABCTabBarController.app; sourceTree = BUILT_PRODUCTS_DIR; };
		873CAE651B92136F0068E7E8 /* Info.plist */ = {isa = PBXFileReference; lastKnownFileType = text.plist.xml; path = Info.plist; sourceTree = "<group>"; };
		873CAE661B92136F0068E7E8 /* main.m */ = {isa = PBXFileReference; lastKnownFileType = sourcecode.c.objc; path = main.m; sourceTree = "<group>"; };
		873CAE681B92136F0068E7E8 /* AppDelegate.h */ = {isa = PBXFileReference; lastKnownFileType = sourcecode.c.h; path = AppDelegate.h; sourceTree = "<group>"; };
		873CAE691B92136F0068E7E8 /* AppDelegate.m */ = {isa = PBXFileReference; lastKnownFileType = sourcecode.c.objc; path = AppDelegate.m; sourceTree = "<group>"; };
		873CAE6B1B92136F0068E7E8 /* ViewController.h */ = {isa = PBXFileReference; lastKnownFileType = sourcecode.c.h; path = ViewController.h; sourceTree = "<group>"; };
		873CAE6C1B92136F0068E7E8 /* ViewController.m */ = {isa = PBXFileReference; lastKnownFileType = sourcecode.c.objc; path = ViewController.m; sourceTree = "<group>"; };
		873CAE6F1B92136F0068E7E8 /* Base */ = {isa = PBXFileReference; lastKnownFileType = file.storyboard; name = Base; path = Base.lproj/Main.storyboard; sourceTree = "<group>"; };
		873CAE711B92136F0068E7E8 /* Images.xcassets */ = {isa = PBXFileReference; lastKnownFileType = folder.assetcatalog; path = Images.xcassets; sourceTree = "<group>"; };
		873CAE741B92136F0068E7E8 /* Base */ = {isa = PBXFileReference; lastKnownFileType = file.xib; name = Base; path = Base.lproj/LaunchScreen.xib; sourceTree = "<group>"; };
		873CAE7A1B92136F0068E7E8 /* ABCTabBarControllerTests.xctest */ = {isa = PBXFileReference; explicitFileType = wrapper.cfbundle; includeInIndex = 0; path = ABCTabBarControllerTests.xctest; sourceTree = BUILT_PRODUCTS_DIR; };
		873CAE7F1B92136F0068E7E8 /* Info.plist */ = {isa = PBXFileReference; lastKnownFileType = text.plist.xml; path = Info.plist; sourceTree = "<group>"; };
		873CAE801B92136F0068E7E8 /* ABCTabBarControllerTests.m */ = {isa = PBXFileReference; lastKnownFileType = sourcecode.c.objc; path = ABCTabBarControllerTests.m; sourceTree = "<group>"; };
/* End PBXFileReference section */

/* Begin PBXFrameworksBuildPhase section */
		873CAE5E1B92136F0068E7E8 /* Frameworks */ = {
			isa = PBXFrameworksBuildPhase;
			buildActionMask = 2147483647;
			files = (
			);
			runOnlyForDeploymentPostprocessing = 0;
		};
		873CAE771B92136F0068E7E8 /* Frameworks */ = {
			isa = PBXFrameworksBuildPhase;
			buildActionMask = 2147483647;
			files = (
			);
			runOnlyForDeploymentPostprocessing = 0;
		};
/* End PBXFrameworksBuildPhase section */

/* Begin PBXGroup section */
		873CAE581B92136F0068E7E8 = {
			isa = PBXGroup;
			children = (
				873CAE631B92136F0068E7E8 /* ABCTabBarController */,
				873CAE7D1B92136F0068E7E8 /* ABCTabBarControllerTests */,
				873CAE621B92136F0068E7E8 /* Products */,
			);
			sourceTree = "<group>";
		};
		873CAE621B92136F0068E7E8 /* Products */ = {
			isa = PBXGroup;
			children = (
				873CAE611B92136F0068E7E8 /* ABCTabBarController.app */,
				873CAE7A1B92136F0068E7E8 /* ABCTabBarControllerTests.xctest */,
			);
			name = Products;
			sourceTree = "<group>";
		};
		873CAE631B92136F0068E7E8 /* ABCTabBarController */ = {
			isa = PBXGroup;
			children = (
				873CAE681B92136F0068E7E8 /* AppDelegate.h */,
				873CAE691B92136F0068E7E8 /* AppDelegate.m */,
				873CAE6B1B92136F0068E7E8 /* ViewController.h */,
				873CAE6C1B92136F0068E7E8 /* ViewController.m */,
				873CAE6E1B92136F0068E7E8 /* Main.storyboard */,
				873CAE711B92136F0068E7E8 /* Images.xcassets */,
				873CAE731B92136F0068E7E8 /* LaunchScreen.xib */,
				873CAE641B92136F0068E7E8 /* Supporting Files */,
			);
			path = ABCTabBarController;
			sourceTree = "<group>";
		};
		873CAE641B92136F0068E7E8 /* Supporting Files */ = {
			isa = PBXGroup;
			children = (
				873CAE651B92136F0068E7E8 /* Info.plist */,
				873CAE661B92136F0068E7E8 /* main.m */,
			);
			name = "Supporting Files";
			sourceTree = "<group>";
		};
		873CAE7D1B92136F0068E7E8 /* ABCTabBarControllerTests */ = {
			isa = PBXGroup;
			children = (
				873CAE801B92136F0068E7E8 /* ABCTabBarControllerTests.m */,
				873CAE7E1B92136F0068E7E8 /* Supporting Files */,
			);
			path = ABCTabBarControllerTests;
			sourceTree = "<group>";
		};
		873CAE7E1B92136F0068E7E8 /* Supporting Files */ = {
			isa = PBXGroup;
			children = (
				873CAE7F1B92136F0068E7E8 /* Info.plist */,
			);
			name = "Supporting Files";
			sourceTree = "<group>";
		};
/* End PBXGroup section */

/* Begin PBXNativeTarget section */
		873CAE601B92136F0068E7E8 /* ABCTabBarController */ = {
			isa = PBXNativeTarget;
			buildConfigurationList = 873CAE841B92136F0068E7E8 /* Build configuration list for PBXNativeTarget "ABCTabBarController" */;
			buildPhases = (
				873CAE5D1B92136F0068E7E8 /* Sources */,
				873CAE5E1B92136F0068E7E8 /* Frameworks */,
				873CAE5F1B92136F0068E7E8 /* Resources */,
			);
			buildRules = (
			);
			dependencies = (
			);
			name = ABCTabBarController;
			productName = ABCTabBarController;
			productReference = 873CAE611B92136F0068E7E8 /* ABCTabBarController.app */;
			productType = "com.apple.product-type.application";
		};
		873CAE791B92136F0068E7E8 /* ABCTabBarControllerTests */ = {
			isa = PBXNativeTarget;
			buildConfigurationList = 873CAE871B92136F0068E7E8 /* Build configuration list for PBXNativeTarget "ABCTabBarControllerTests" */;
			buildPhases = (
				873CAE761B92136F0068E7E8 /* Sources */,
				873CAE771B92136F0068E7E8 /* Frameworks */,
				873CAE781B92136F0068E7E8 /* Resources */,
			);
			buildRules = (
			);
			dependencies = (
				873CAE7C1B92136F0068E7E8 /* PBXTargetDependency */,
			);
			name = ABCTabBarControllerTests;
			productName = ABCTabBarControllerTests;
			productReference = 873CAE7A1B92136F0068E7E8 /* ABCTabBarControllerTests.xctest */;
			productType = "com.apple.product-type.bundle.unit-test";
		};
/* End PBXNativeTarget section */

/* Begin PBXProject section */
		873CAE591B92136F0068E7E8 /* Project object */ = {
			isa = PBXProject;
			attributes = {
				LastUpgradeCheck = 0640;
				ORGANIZATIONNAME = "Adam Cooper";
				TargetAttributes = {
					873CAE601B92136F0068E7E8 = {
						CreatedOnToolsVersion = 6.4;
					};
					873CAE791B92136F0068E7E8 = {
						CreatedOnToolsVersion = 6.4;
						TestTargetID = 873CAE601B92136F0068E7E8;
					};
				};
			};
			buildConfigurationList = 873CAE5C1B92136F0068E7E8 /* Build configuration list for PBXProject "ABCTabBarController" */;
			compatibilityVersion = "Xcode 3.2";
			developmentRegion = English;
			hasScannedForEncodings = 0;
			knownRegions = (
				en,
				Base,
			);
			mainGroup = 873CAE581B92136F0068E7E8;
			productRefGroup = 873CAE621B92136F0068E7E8 /* Products */;
			projectDirPath = "";
			projectRoot = "";
			targets = (
				873CAE601B92136F0068E7E8 /* ABCTabBarController */,
				873CAE791B92136F0068E7E8 /* ABCTabBarControllerTests */,
			);
		};
/* End PBXProject section */

/* Begin PBXResourcesBuildPhase section */
		873CAE5F1B92136F0068E7E8 /* Resources */ = {
			isa = PBXResourcesBuildPhase;
			buildActionMask = 2147483647;
			files = (
				873CAE701B92136F0068E7E8 /* Main.storyboard in Resources */,
				873CAE751B92136F0068E7E8 /* LaunchScreen.xib in Resources */,
				873CAE721B92136F0068E7E8 /* Images.xcassets in Resources */,
			);
			runOnlyForDeploymentPostprocessing = 0;
		};
		873CAE781B92136F0068E7E8 /* Resources */ = {
			isa = PBXResourcesBuildPhase;
			buildActionMask = 2147483647;
			files = (
			);
			runOnlyForDeploymentPostprocessing = 0;
		};
/* End PBXResourcesBuildPhase section */

/* Begin PBXSourcesBuildPhase section */
		873CAE5D1B92136F0068E7E8 /* Sources */ = {
			isa = PBXSourcesBuildPhase;
			buildActionMask = 2147483647;
			files = (
				873CAE6D1B92136F0068E7E8 /* ViewController.m in Sources */,
				873CAE6A1B92136F0068E7E8 /* AppDelegate.m in Sources */,
				873CAE671B92136F0068E7E8 /* main.m in Sources */,
			);
			runOnlyForDeploymentPostprocessing = 0;
		};
		873CAE761B92136F0068E7E8 /* Sources */ = {
			isa = PBXSourcesBuildPhase;
			buildActionMask = 2147483647;
			files = (
				873CAE811B92136F0068E7E8 /* ABCTabBarControllerTests.m in Sources */,
			);
			runOnlyForDeploymentPostprocessing = 0;
		};
/* End PBXSourcesBuildPhase section */

/* Begin PBXTargetDependency section */
		873CAE7C1B92136F0068E7E8 /* PBXTargetDependency */ = {
			isa = PBXTargetDependency;
			target = 873CAE601B92136F0068E7E8 /* ABCTabBarController */;
			targetProxy = 873CAE7B1B92136F0068E7E8 /* PBXContainerItemProxy */;
		};
/* End PBXTargetDependency section */

/* Begin PBXVariantGroup section */
		873CAE6E1B92136F0068E7E8 /* Main.storyboard */ = {
			isa = PBXVariantGroup;
			children = (
				873CAE6F1B92136F0068E7E8 /* Base */,
			);
			name = Main.storyboard;
			sourceTree = "<group>";
		};
		873CAE731B92136F0068E7E8 /* LaunchScreen.xib */ = {
			isa = PBXVariantGroup;
			children = (
				873CAE741B92136F0068E7E8 /* Base */,
			);
			name = LaunchScreen.xib;
			sourceTree = "<group>";
		};
/* End PBXVariantGroup section */

/* Begin XCBuildConfiguration section */
		873CAE821B92136F0068E7E8 /* Debug */ = {
			isa = XCBuildConfiguration;
			buildSettings = {
				ALWAYS_SEARCH_USER_PATHS = NO;
				CLANG_CXX_LANGUAGE_STANDARD = "gnu++0x";
				CLANG_CXX_LIBRARY = "libc++";
				CLANG_ENABLE_MODULES = YES;
				CLANG_ENABLE_OBJC_ARC = YES;
				CLANG_WARN_BOOL_CONVERSION = YES;
				CLANG_WARN_CONSTANT_CONVERSION = YES;
				CLANG_WARN_DIRECT_OBJC_ISA_USAGE = YES_ERROR;
				CLANG_WARN_EMPTY_BODY = YES;
				CLANG_WARN_ENUM_CONVERSION = YES;
				CLANG_WARN_INT_CONVERSION = YES;
				CLANG_WARN_OBJC_ROOT_CLASS = YES_ERROR;
				CLANG_WARN_UNREACHABLE_CODE = YES;
				CLANG_WARN__DUPLICATE_METHOD_MATCH = YES;
				"CODE_SIGN_IDENTITY[sdk=iphoneos*]" = "iPhone Developer";
				COPY_PHASE_STRIP = NO;
				DEBUG_INFORMATION_FORMAT = "dwarf-with-dsym";
				ENABLE_STRICT_OBJC_MSGSEND = YES;
				GCC_C_LANGUAGE_STANDARD = gnu99;
				GCC_DYNAMIC_NO_PIC = NO;
				GCC_NO_COMMON_BLOCKS = YES;
				GCC_OPTIMIZATION_LEVEL = 0;
				GCC_PREPROCESSOR_DEFINITIONS = (
					"DEBUG=1",
					"$(inherited)",
				);
				GCC_SYMBOLS_PRIVATE_EXTERN = NO;
				GCC_WARN_64_TO_32_BIT_CONVERSION = YES;
				GCC_WARN_ABOUT_RETURN_TYPE = YES_ERROR;
				GCC_WARN_UNDECLARED_SELECTOR = YES;
				GCC_WARN_UNINITIALIZED_AUTOS = YES_AGGRESSIVE;
				GCC_WARN_UNUSED_FUNCTION = YES;
				GCC_WARN_UNUSED_VARIABLE = YES;
				IPHONEOS_DEPLOYMENT_TARGET = 8.4;
				MTL_ENABLE_DEBUG_INFO = YES;
				ONLY_ACTIVE_ARCH = YES;
				SDKROOT = iphoneos;
				TARGETED_DEVICE_FAMILY = "1,2";
			};
			name = Debug;
		};
		873CAE831B92136F0068E7E8 /* Release */ = {
			isa = XCBuildConfiguration;
			buildSettings = {
				ALWAYS_SEARCH_USER_PATHS = NO;
				CLANG_CXX_LANGUAGE_STANDARD = "gnu++0x";
				CLANG_CXX_LIBRARY = "libc++";
				CLANG_ENABLE_MODULES = YES;
				CLANG_ENABLE_OBJC_ARC = YES;
				CLANG_WARN_BOOL_CONVERSION = YES;
				CLANG_WARN_CONSTANT_CONVERSION = YES;
				CLANG_WARN_DIRECT_OBJC_ISA_USAGE = YES_ERROR;
				CLANG_WARN_EMPTY_BODY = YES;
				CLANG_WARN_ENUM_CONVERSION = YES;
				CLANG_WARN_INT_CONVERSION = YES;
				CLANG_WARN_OBJC_ROOT_CLASS = YES_ERROR;
				CLANG_WARN_UNREACHABLE_CODE = YES;
				CLANG_WARN__DUPLICATE_METHOD_MATCH = YES;
				"CODE_SIGN_IDENTITY[sdk=iphoneos*]" = "iPhone Developer";
				COPY_PHASE_STRIP = NO;
				DEBUG_INFORMATION_FORMAT = "dwarf-with-dsym";
				ENABLE_NS_ASSERTIONS = NO;
				ENABLE_STRICT_OBJC_MSGSEND = YES;
				GCC_C_LANGUAGE_STANDARD = gnu99;
				GCC_NO_COMMON_BLOCKS = YES;
				GCC_WARN_64_TO_32_BIT_CONVERSION = YES;
				GCC_WARN_ABOUT_RETURN_TYPE = YES_ERROR;
				GCC_WARN_UNDECLARED_SELECTOR = YES;
				GCC_WARN_UNINITIALIZED_AUTOS = YES_AGGRESSIVE;
				GCC_WARN_UNUSED_FUNCTION = YES;
				GCC_WARN_UNUSED_VARIABLE = YES;
				IPHONEOS_DEPLOYMENT_TARGET = 8.4;
				MTL_ENABLE_DEBUG_INFO = NO;
				SDKROOT = iphoneos;
				TARGETED_DEVICE_FAMILY = "1,2";
				VALIDATE_PRODUCT = YES;
			};
			name = Release;
		};
		873CAE851B92136F0068E7E8 /* Debug */ = {
			isa = XCBuildConfiguration;
			buildSettings = {
				ASSETCATALOG_COMPILER_APPICON_NAME = AppIcon;
				INFOPLIST_FILE = ABCTabBarController/Info.plist;
				LD_RUNPATH_SEARCH_PATHS = "$(inherited) @executable_path/Frameworks";
				PRODUCT_NAME = "$(TARGET_NAME)";
			};
			name = Debug;
		};
		873CAE861B92136F0068E7E8 /* Release */ = {
			isa = XCBuildConfiguration;
			buildSettings = {
				ASSETCATALOG_COMPILER_APPICON_NAME = AppIcon;
				INFOPLIST_FILE = ABCTabBarController/Info.plist;
				LD_RUNPATH_SEARCH_PATHS = "$(inherited) @executable_path/Frameworks";
				PRODUCT_NAME = "$(TARGET_NAME)";
			};
			name = Release;
		};
		873CAE881B92136F0068E7E8 /* Debug */ = {
			isa = XCBuildConfiguration;
			buildSettings = {
				BUNDLE_LOADER = "$(TEST_HOST)";
				FRAMEWORK_SEARCH_PATHS = (
					"$(SDKROOT)/Developer/Library/Frameworks",
					"$(inherited)",
				);
				GCC_PREPROCESSOR_DEFINITIONS = (
					"DEBUG=1",
					"$(inherited)",
				);
				INFOPLIST_FILE = ABCTabBarControllerTests/Info.plist;
				LD_RUNPATH_SEARCH_PATHS = "$(inherited) @executable_path/Frameworks @loader_path/Frameworks";
				PRODUCT_NAME = "$(TARGET_NAME)";
				TEST_HOST = "$(BUILT_PRODUCTS_DIR)/ABCTabBarController.app/ABCTabBarController";
			};
			name = Debug;
		};
		873CAE891B92136F0068E7E8 /* Release */ = {
			isa = XCBuildConfiguration;
			buildSettings = {
				BUNDLE_LOADER = "$(TEST_HOST)";
				FRAMEWORK_SEARCH_PATHS = (
					"$(SDKROOT)/Developer/Library/Frameworks",
					"$(inherited)",
				);
				INFOPLIST_FILE = ABCTabBarControllerTests/Info.plist;
				LD_RUNPATH_SEARCH_PATHS = "$(inherited) @executable_path/Frameworks @loader_path/Frameworks";
				PRODUCT_NAME = "$(TARGET_NAME)";
				TEST_HOST = "$(BUILT_PRODUCTS_DIR)/ABCTabBarController.app/ABCTabBarController";
			};
			name = Release;
		};
/* End XCBuildConfiguration section */

/* Begin XCConfigurationList section */
		873CAE5C1B92136F0068E7E8 /* Build configuration list for PBXProject "ABCTabBarController" */ = {
			isa = XCConfigurationList;
			buildConfigurations = (
				873CAE821B92136F0068E7E8 /* Debug */,
				873CAE831B92136F0068E7E8 /* Release */,
			);
			defaultConfigurationIsVisible = 0;
			defaultConfigurationName = Release;
		};
		873CAE841B92136F0068E7E8 /* Build configuration list for PBXNativeTarget "ABCTabBarController" */ = {
			isa = XCConfigurationList;
			buildConfigurations = (
				873CAE851B92136F0068E7E8 /* Debug */,
				873CAE861B92136F0068E7E8 /* Release */,
			);
			defaultConfigurationIsVisible = 0;
		};
		873CAE871B92136F0068E7E8 /* Build configuration list for PBXNativeTarget "ABCTabBarControllerTests" */ = {
			isa = XCConfigurationList;
			buildConfigurations = (
				873CAE881B92136F0068E7E8 /* Debug */,
				873CAE891B92136F0068E7E8 /* Release */,
			);
			defaultConfigurationIsVisible = 0;
		};
/* End XCConfigurationList section */
	};
	rootObject = 873CAE591B92136F0068E7E8 /* Project object */;
}
